
Microsoft Visual Studio Solution File, Format Version 12.00
# Visual Studio Version 17
VisualStudioVersion = 17.3.32929.385
MinimumVisualStudioVersion = 10.0.40219.1
Project("{9A19103F-16F7-4668-BE54-9A1E7A4F7556}") = "AvaloniaApplication1", "AvaloniaApplication1\AvaloniaApplication1.csproj", "{8309128C-C547-4283-8A67-E162503950F5}"
EndProject
Project("{9A19103F-16F7-4668-BE54-9A1E7A4F7556}") = "AvaloniaApplication.DAL2", "AvaloniaApplication.DAL2\AvaloniaApplication.DAL2.csproj", "{43B39F41-9B71-4CC8-BD46-94CF82B057AE}"
EndProject
Project("{9A19103F-16F7-4668-BE54-9A1E7A4F7556}") = "AvaloniaApplication.DAL", "AvaloniaApplication.DAL\AvaloniaApplication.DAL.csproj", "{B9C44D47-D8B2-41FB-96B7-C4CE213B4D4B}"
EndProject
Global
	GlobalSection(SolutionConfigurationPlatforms) = preSolution
		Debug|Any CPU = Debug|Any CPU
		Release|Any CPU = Release|Any CPU
	EndGlobalSection
	GlobalSection(ProjectConfigurationPlatforms) = postSolution
		{8309128C-C547-4283-8A67-E162503950F5}.Debug|Any CPU.ActiveCfg = Debug|Any CPU
		{8309128C-C547-4283-8A67-E162503950F5}.Debug|Any CPU.Build.0 = Debug|Any CPU
		{8309128C-C547-4283-8A67-E162503950F5}.Release|Any CPU.ActiveCfg = Release|Any CPU
		{8309128C-C547-4283-8A67-E162503950F5}.Release|Any CPU.Build.0 = Release|Any CPU
		{43B39F41-9B71-4CC8-BD46-94CF82B057AE}.Debug|Any CPU.ActiveCfg = Debug|Any CPU
		{43B39F41-9B71-4CC8-BD46-94CF82B057AE}.Debug|Any CPU.Build.0 = Debug|Any CPU
		{43B39F41-9B71-4CC8-BD46-94CF82B057AE}.Release|Any CPU.ActiveCfg = Release|Any CPU
		{43B39F41-9B71-4CC8-BD46-94CF82B057AE}.Release|Any CPU.Build.0 = Release|Any CPU
		{B9C44D47-D8B2-41FB-96B7-C4CE213B4D4B}.Debug|Any CPU.ActiveCfg = Debug|Any CPU
		{B9C44D47-D8B2-41FB-96B7-C4CE213B4D4B}.Debug|Any CPU.Build.0 = Debug|Any CPU
		{B9C44D47-D8B2-41FB-96B7-C4CE213B4D4B}.Release|Any CPU.ActiveCfg = Release|Any CPU
		{B9C44D47-D8B2-41FB-96B7-C4CE213B4D4B}.Release|Any CPU.Build.0 = Release|Any CPU
	EndGlobalSection
	GlobalSection(SolutionProperties) = preSolution
		HideSolutionNode = FALSE
	EndGlobalSection
	GlobalSection(ExtensibilityGlobals) = postSolution
		SolutionGuid = {578D99F0-7737-4408-8215-F8FC81FC140F}
	EndGlobalSection
EndGlobal
